
Microsoft Visual Studio Solution File, Format Version 12.00
# Visual Studio 15
VisualStudioVersion = 15.0.27703.2018
MinimumVisualStudioVersion = 10.0.40219.1
Project("{8BC9CEB8-8B4A-11D0-8D11-00A0C91BC942}") = "IPS_Fourier", "IPS_Fourier\IPS_Fourier.vcxproj", "{C85A5075-B712-406A-8299-E0465C7EEAFE}"
EndProject
Global
	GlobalSection(SolutionConfigurationPlatforms) = preSolution
		Debug|x64 = Debug|x64
		Debug|x86 = Debug|x86
		Release|x64 = Release|x64
		Release|x86 = Release|x86
	EndGlobalSection
	GlobalSection(ProjectConfigurationPlatforms) = postSolution
		{C85A5075-B712-406A-8299-E0465C7EEAFE}.Debug|x64.ActiveCfg = Debug|x64
		{C85A5075-B712-406A-8299-E0465C7EEAFE}.Debug|x64.Build.0 = Debug|x64
		{C85A5075-B712-406A-8299-E0465C7EEAFE}.Debug|x86.ActiveCfg = Debug|Win32
		{C85A5075-B712-406A-8299-E0465C7EEAFE}.Debug|x86.Build.0 = Debug|Win32
		{C85A5075-B712-406A-8299-E0465C7EEAFE}.Release|x64.ActiveCfg = Release|x64
		{C85A5075-B712-406A-8299-E0465C7EEAFE}.Release|x64.Build.0 = Release|x64
		{C85A5075-B712-406A-8299-E0465C7EEAFE}.Release|x86.ActiveCfg = Release|Win32
		{C85A5075-B712-406A-8299-E0465C7EEAFE}.Release|x86.Build.0 = Release|Win32
	EndGlobalSection
	GlobalSection(SolutionProperties) = preSolution
		HideSolutionNode = FALSE
	EndGlobalSection
	GlobalSection(ExtensibilityGlobals) = postSolution
		SolutionGuid = {EFB9758C-9C9A-44D6-AC93-DFCA46315FED}
	EndGlobalSection
EndGlobal
