
Microsoft Visual Studio Solution File, Format Version 12.00
# Visual Studio 15
VisualStudioVersion = 15.0.27703.2018
MinimumVisualStudioVersion = 10.0.40219.1
Project("{8BC9CEB8-8B4A-11D0-8D11-00A0C91BC942}") = "IPS_Fourier", "IPS_Fourier\IPS_Fourier.vcxproj", "{C85A5075-B712-406A-8299-E0465C7EEAFE}"
EndProject
Project("{FAE04EC0-301F-11D3-BF4B-00C04F79EFBC}") = "TryCallDLL", "TryCallDLL\TryCallDLL.csproj", "{B67607E7-9294-401B-831B-577E824AAA13}"
EndProject
Project("{9A19103F-16F7-4668-BE54-9A1E7A4F7556}") = "WebApp", "WebApp\WebApp.csproj", "{F32DCE6C-80B2-4547-9CDC-C1D832235E30}"
EndProject
Project("{FAE04EC0-301F-11D3-BF4B-00C04F79EFBC}") = "FFT", "FFT\FFT.csproj", "{E8F8817D-8ABE-48E5-8208-22BCC144BFA7}"
EndProject
Global
	GlobalSection(SolutionConfigurationPlatforms) = preSolution
		Debug|Any CPU = Debug|Any CPU
		Debug|x64 = Debug|x64
		Debug|x86 = Debug|x86
		Release|Any CPU = Release|Any CPU
		Release|x64 = Release|x64
		Release|x86 = Release|x86
	EndGlobalSection
	GlobalSection(ProjectConfigurationPlatforms) = postSolution
		{C85A5075-B712-406A-8299-E0465C7EEAFE}.Debug|Any CPU.ActiveCfg = Debug|Win32
		{C85A5075-B712-406A-8299-E0465C7EEAFE}.Debug|x64.ActiveCfg = Debug|x64
		{C85A5075-B712-406A-8299-E0465C7EEAFE}.Debug|x64.Build.0 = Debug|x64
		{C85A5075-B712-406A-8299-E0465C7EEAFE}.Debug|x86.ActiveCfg = Debug|Win32
		{C85A5075-B712-406A-8299-E0465C7EEAFE}.Debug|x86.Build.0 = Debug|Win32
		{C85A5075-B712-406A-8299-E0465C7EEAFE}.Release|Any CPU.ActiveCfg = Release|Win32
		{C85A5075-B712-406A-8299-E0465C7EEAFE}.Release|Any CPU.Build.0 = Release|Win32
		{C85A5075-B712-406A-8299-E0465C7EEAFE}.Release|x64.ActiveCfg = Release|x64
		{C85A5075-B712-406A-8299-E0465C7EEAFE}.Release|x64.Build.0 = Release|x64
		{C85A5075-B712-406A-8299-E0465C7EEAFE}.Release|x86.ActiveCfg = Release|Win32
		{C85A5075-B712-406A-8299-E0465C7EEAFE}.Release|x86.Build.0 = Release|Win32
		{B67607E7-9294-401B-831B-577E824AAA13}.Debug|Any CPU.ActiveCfg = Debug|Any CPU
		{B67607E7-9294-401B-831B-577E824AAA13}.Debug|Any CPU.Build.0 = Debug|Any CPU
		{B67607E7-9294-401B-831B-577E824AAA13}.Debug|x64.ActiveCfg = Debug|Any CPU
		{B67607E7-9294-401B-831B-577E824AAA13}.Debug|x64.Build.0 = Debug|Any CPU
		{B67607E7-9294-401B-831B-577E824AAA13}.Debug|x86.ActiveCfg = Debug|Any CPU
		{B67607E7-9294-401B-831B-577E824AAA13}.Debug|x86.Build.0 = Debug|Any CPU
		{B67607E7-9294-401B-831B-577E824AAA13}.Release|Any CPU.ActiveCfg = Release|Any CPU
		{B67607E7-9294-401B-831B-577E824AAA13}.Release|Any CPU.Build.0 = Release|Any CPU
		{B67607E7-9294-401B-831B-577E824AAA13}.Release|x64.ActiveCfg = Release|Any CPU
		{B67607E7-9294-401B-831B-577E824AAA13}.Release|x64.Build.0 = Release|Any CPU
		{B67607E7-9294-401B-831B-577E824AAA13}.Release|x86.ActiveCfg = Release|Any CPU
		{B67607E7-9294-401B-831B-577E824AAA13}.Release|x86.Build.0 = Release|Any CPU
		{F32DCE6C-80B2-4547-9CDC-C1D832235E30}.Debug|Any CPU.ActiveCfg = Debug|Any CPU
		{F32DCE6C-80B2-4547-9CDC-C1D832235E30}.Debug|Any CPU.Build.0 = Debug|Any CPU
		{F32DCE6C-80B2-4547-9CDC-C1D832235E30}.Debug|x64.ActiveCfg = Debug|Any CPU
		{F32DCE6C-80B2-4547-9CDC-C1D832235E30}.Debug|x64.Build.0 = Debug|Any CPU
		{F32DCE6C-80B2-4547-9CDC-C1D832235E30}.Debug|x86.ActiveCfg = Debug|Any CPU
		{F32DCE6C-80B2-4547-9CDC-C1D832235E30}.Debug|x86.Build.0 = Debug|Any CPU
		{F32DCE6C-80B2-4547-9CDC-C1D832235E30}.Release|Any CPU.ActiveCfg = Release|Any CPU
		{F32DCE6C-80B2-4547-9CDC-C1D832235E30}.Release|Any CPU.Build.0 = Release|Any CPU
		{F32DCE6C-80B2-4547-9CDC-C1D832235E30}.Release|x64.ActiveCfg = Release|Any CPU
		{F32DCE6C-80B2-4547-9CDC-C1D832235E30}.Release|x64.Build.0 = Release|Any CPU
		{F32DCE6C-80B2-4547-9CDC-C1D832235E30}.Release|x86.ActiveCfg = Release|Any CPU
		{F32DCE6C-80B2-4547-9CDC-C1D832235E30}.Release|x86.Build.0 = Release|Any CPU
		{E8F8817D-8ABE-48E5-8208-22BCC144BFA7}.Debug|Any CPU.ActiveCfg = Debug|Any CPU
		{E8F8817D-8ABE-48E5-8208-22BCC144BFA7}.Debug|Any CPU.Build.0 = Debug|Any CPU
		{E8F8817D-8ABE-48E5-8208-22BCC144BFA7}.Debug|x64.ActiveCfg = Debug|Any CPU
		{E8F8817D-8ABE-48E5-8208-22BCC144BFA7}.Debug|x64.Build.0 = Debug|Any CPU
		{E8F8817D-8ABE-48E5-8208-22BCC144BFA7}.Debug|x86.ActiveCfg = Debug|Any CPU
		{E8F8817D-8ABE-48E5-8208-22BCC144BFA7}.Debug|x86.Build.0 = Debug|Any CPU
		{E8F8817D-8ABE-48E5-8208-22BCC144BFA7}.Release|Any CPU.ActiveCfg = Release|Any CPU
		{E8F8817D-8ABE-48E5-8208-22BCC144BFA7}.Release|Any CPU.Build.0 = Release|Any CPU
		{E8F8817D-8ABE-48E5-8208-22BCC144BFA7}.Release|x64.ActiveCfg = Release|Any CPU
		{E8F8817D-8ABE-48E5-8208-22BCC144BFA7}.Release|x64.Build.0 = Release|Any CPU
		{E8F8817D-8ABE-48E5-8208-22BCC144BFA7}.Release|x86.ActiveCfg = Release|Any CPU
		{E8F8817D-8ABE-48E5-8208-22BCC144BFA7}.Release|x86.Build.0 = Release|Any CPU
	EndGlobalSection
	GlobalSection(SolutionProperties) = preSolution
		HideSolutionNode = FALSE
	EndGlobalSection
	GlobalSection(ExtensibilityGlobals) = postSolution
		SolutionGuid = {EFB9758C-9C9A-44D6-AC93-DFCA46315FED}
	EndGlobalSection
EndGlobal
